
Microsoft Visual Studio Solution File, Format Version 12.00
# Visual Studio 2012
Project("{FAE04EC0-301F-11D3-BF4B-00C04F79EFBC}") = "JsonOT", "JsonOT\JsonOT.csproj", "{BC11B5FB-7DA3-4723-B45B-CF199DC9B99F}"
EndProject
Project("{FAE04EC0-301F-11D3-BF4B-00C04F79EFBC}") = "JsonOT.Test", "JsonOT.Test\JsonOT.Test.csproj", "{96C2FF74-48F3-40EE-A3A5-20DC5B35FE0D}"
EndProject
Global
	GlobalSection(SolutionConfigurationPlatforms) = preSolution
		Debug|Any CPU = Debug|Any CPU
		Release|Any CPU = Release|Any CPU
	EndGlobalSection
	GlobalSection(ProjectConfigurationPlatforms) = postSolution
		{BC11B5FB-7DA3-4723-B45B-CF199DC9B99F}.Debug|Any CPU.ActiveCfg = Debug|Any CPU
		{BC11B5FB-7DA3-4723-B45B-CF199DC9B99F}.Debug|Any CPU.Build.0 = Debug|Any CPU
		{BC11B5FB-7DA3-4723-B45B-CF199DC9B99F}.Release|Any CPU.ActiveCfg = Release|Any CPU
		{BC11B5FB-7DA3-4723-B45B-CF199DC9B99F}.Release|Any CPU.Build.0 = Release|Any CPU
		{96C2FF74-48F3-40EE-A3A5-20DC5B35FE0D}.Debug|Any CPU.ActiveCfg = Debug|Any CPU
		{96C2FF74-48F3-40EE-A3A5-20DC5B35FE0D}.Debug|Any CPU.Build.0 = Debug|Any CPU
		{96C2FF74-48F3-40EE-A3A5-20DC5B35FE0D}.Release|Any CPU.ActiveCfg = Release|Any CPU
		{96C2FF74-48F3-40EE-A3A5-20DC5B35FE0D}.Release|Any CPU.Build.0 = Release|Any CPU
	EndGlobalSection
	GlobalSection(SolutionProperties) = preSolution
		HideSolutionNode = FALSE
	EndGlobalSection
EndGlobal
